// !$*UTF8*$!
{
	archiveVersion = 1;
	classes = {
	};
	objectVersion = 46;
	objects = {

/* Begin PBXBuildFile section */
		7E955BA41B95367D0050527E /* AppDelegate.swift in Sources */ = {isa = PBXBuildFile; fileRef = 7E955BA31B95367D0050527E /* AppDelegate.swift */; };
		7E955BA61B95367D0050527E /* ViewController.swift in Sources */ = {isa = PBXBuildFile; fileRef = 7E955BA51B95367D0050527E /* ViewController.swift */; };
		7E955BA91B95367D0050527E /* Main.storyboard in Resources */ = {isa = PBXBuildFile; fileRef = 7E955BA71B95367D0050527E /* Main.storyboard */; };
		7E955BAB1B95367D0050527E /* Assets.xcassets in Resources */ = {isa = PBXBuildFile; fileRef = 7E955BAA1B95367D0050527E /* Assets.xcassets */; };
		7E955BAE1B95367D0050527E /* LaunchScreen.storyboard in Resources */ = {isa = PBXBuildFile; fileRef = 7E955BAC1B95367D0050527E /* LaunchScreen.storyboard */; };
		7E955BB31B95367D0050527E /* WatchOS2-NewAPI-UIBezierPath-Example WatchKit App.app in Embed Watch Content */ = {isa = PBXBuildFile; fileRef = 7E955BB21B95367D0050527E /* WatchOS2-NewAPI-UIBezierPath-Example WatchKit App.app */; };
		7E955BB91B95367D0050527E /* Interface.storyboard in Resources */ = {isa = PBXBuildFile; fileRef = 7E955BB71B95367D0050527E /* Interface.storyboard */; };
		7E955BBB1B95367D0050527E /* Assets.xcassets in Resources */ = {isa = PBXBuildFile; fileRef = 7E955BBA1B95367D0050527E /* Assets.xcassets */; };
		7E955BC21B95367D0050527E /* WatchOS2-NewAPI-UIBezierPath-Example WatchKit Extension.appex in Embed App Extensions */ = {isa = PBXBuildFile; fileRef = 7E955BC11B95367D0050527E /* WatchOS2-NewAPI-UIBezierPath-Example WatchKit Extension.appex */; settings = {ATTRIBUTES = (RemoveHeadersOnCopy, ); }; };
		7E955BC71B95367D0050527E /* InterfaceController.swift in Sources */ = {isa = PBXBuildFile; fileRef = 7E955BC61B95367D0050527E /* InterfaceController.swift */; };
		7E955BC91B95367D0050527E /* ExtensionDelegate.swift in Sources */ = {isa = PBXBuildFile; fileRef = 7E955BC81B95367D0050527E /* ExtensionDelegate.swift */; };
		7E955BCB1B95367D0050527E /* Assets.xcassets in Resources */ = {isa = PBXBuildFile; fileRef = 7E955BCA1B95367D0050527E /* Assets.xcassets */; };
/* End PBXBuildFile section */

/* Begin PBXContainerItemProxy section */
		7E955BB41B95367D0050527E /* PBXContainerItemProxy */ = {
			isa = PBXContainerItemProxy;
			containerPortal = 7E955B981B95367D0050527E /* Project object */;
			proxyType = 1;
			remoteGlobalIDString = 7E955BB11B95367D0050527E;
			remoteInfo = "WatchOS2-NewAPI-UIBezierPath-Example WatchKit App";
		};
		7E955BC31B95367D0050527E /* PBXContainerItemProxy */ = {
			isa = PBXContainerItemProxy;
			containerPortal = 7E955B981B95367D0050527E /* Project object */;
			proxyType = 1;
			remoteGlobalIDString = 7E955BC01B95367D0050527E;
			remoteInfo = "WatchOS2-NewAPI-UIBezierPath-Example WatchKit Extension";
		};
/* End PBXContainerItemProxy section */

/* Begin PBXCopyFilesBuildPhase section */
		7E955BD21B95367D0050527E /* Embed App Extensions */ = {
			isa = PBXCopyFilesBuildPhase;
			buildActionMask = 2147483647;
			dstPath = "";
			dstSubfolderSpec = 13;
			files = (
				7E955BC21B95367D0050527E /* WatchOS2-NewAPI-UIBezierPath-Example WatchKit Extension.appex in Embed App Extensions */,
			);
			name = "Embed App Extensions";
			runOnlyForDeploymentPostprocessing = 0;
		};
		7E955BD61B95367D0050527E /* Embed Watch Content */ = {
			isa = PBXCopyFilesBuildPhase;
			buildActionMask = 2147483647;
			dstPath = "$(CONTENTS_FOLDER_PATH)/Watch";
			dstSubfolderSpec = 16;
			files = (
				7E955BB31B95367D0050527E /* WatchOS2-NewAPI-UIBezierPath-Example WatchKit App.app in Embed Watch Content */,
			);
			name = "Embed Watch Content";
			runOnlyForDeploymentPostprocessing = 0;
		};
/* End PBXCopyFilesBuildPhase section */

/* Begin PBXFileReference section */
		7E955BA01B95367D0050527E /* WatchOS2-NewAPI-UIBezierPath-Example.app */ = {isa = PBXFileReference; explicitFileType = wrapper.application; includeInIndex = 0; path = "WatchOS2-NewAPI-UIBezierPath-Example.app"; sourceTree = BUILT_PRODUCTS_DIR; };
		7E955BA31B95367D0050527E /* AppDelegate.swift */ = {isa = PBXFileReference; lastKnownFileType = sourcecode.swift; path = AppDelegate.swift; sourceTree = "<group>"; };
		7E955BA51B95367D0050527E /* ViewController.swift */ = {isa = PBXFileReference; lastKnownFileType = sourcecode.swift; path = ViewController.swift; sourceTree = "<group>"; };
		7E955BA81B95367D0050527E /* Base */ = {isa = PBXFileReference; lastKnownFileType = file.storyboard; name = Base; path = Base.lproj/Main.storyboard; sourceTree = "<group>"; };
		7E955BAA1B95367D0050527E /* Assets.xcassets */ = {isa = PBXFileReference; lastKnownFileType = folder.assetcatalog; path = Assets.xcassets; sourceTree = "<group>"; };
		7E955BAD1B95367D0050527E /* Base */ = {isa = PBXFileReference; lastKnownFileType = file.storyboard; name = Base; path = Base.lproj/LaunchScreen.storyboard; sourceTree = "<group>"; };
		7E955BAF1B95367D0050527E /* Info.plist */ = {isa = PBXFileReference; lastKnownFileType = text.plist.xml; path = Info.plist; sourceTree = "<group>"; };
		7E955BB21B95367D0050527E /* WatchOS2-NewAPI-UIBezierPath-Example WatchKit App.app */ = {isa = PBXFileReference; explicitFileType = wrapper.application; includeInIndex = 0; path = "WatchOS2-NewAPI-UIBezierPath-Example WatchKit App.app"; sourceTree = BUILT_PRODUCTS_DIR; };
		7E955BB81B95367D0050527E /* Base */ = {isa = PBXFileReference; lastKnownFileType = file.storyboard; name = Base; path = Base.lproj/Interface.storyboard; sourceTree = "<group>"; };
		7E955BBA1B95367D0050527E /* Assets.xcassets */ = {isa = PBXFileReference; lastKnownFileType = folder.assetcatalog; path = Assets.xcassets; sourceTree = "<group>"; };
		7E955BBC1B95367D0050527E /* Info.plist */ = {isa = PBXFileReference; lastKnownFileType = text.plist.xml; path = Info.plist; sourceTree = "<group>"; };
		7E955BC11B95367D0050527E /* WatchOS2-NewAPI-UIBezierPath-Example WatchKit Extension.appex */ = {isa = PBXFileReference; explicitFileType = "wrapper.app-extension"; includeInIndex = 0; path = "WatchOS2-NewAPI-UIBezierPath-Example WatchKit Extension.appex"; sourceTree = BUILT_PRODUCTS_DIR; };
		7E955BC61B95367D0050527E /* InterfaceController.swift */ = {isa = PBXFileReference; lastKnownFileType = sourcecode.swift; path = InterfaceController.swift; sourceTree = "<group>"; };
		7E955BC81B95367D0050527E /* ExtensionDelegate.swift */ = {isa = PBXFileReference; lastKnownFileType = sourcecode.swift; path = ExtensionDelegate.swift; sourceTree = "<group>"; };
		7E955BCA1B95367D0050527E /* Assets.xcassets */ = {isa = PBXFileReference; lastKnownFileType = folder.assetcatalog; path = Assets.xcassets; sourceTree = "<group>"; };
		7E955BCC1B95367D0050527E /* Info.plist */ = {isa = PBXFileReference; lastKnownFileType = text.plist.xml; path = Info.plist; sourceTree = "<group>"; };
/* End PBXFileReference section */

/* Begin PBXFrameworksBuildPhase section */
		7E955B9D1B95367D0050527E /* Frameworks */ = {
			isa = PBXFrameworksBuildPhase;
			buildActionMask = 2147483647;
			files = (
			);
			runOnlyForDeploymentPostprocessing = 0;
		};
		7E955BBE1B95367D0050527E /* Frameworks */ = {
			isa = PBXFrameworksBuildPhase;
			buildActionMask = 2147483647;
			files = (
			);
			runOnlyForDeploymentPostprocessing = 0;
		};
/* End PBXFrameworksBuildPhase section */

/* Begin PBXGroup section */
		7E955B971B95367D0050527E = {
			isa = PBXGroup;
			children = (
				7E955BA21B95367D0050527E /* WatchOS2-NewAPI-UIBezierPath-Example */,
				7E955BB61B95367D0050527E /* WatchOS2-NewAPI-UIBezierPath-Example WatchKit App */,
				7E955BC51B95367D0050527E /* WatchOS2-NewAPI-UIBezierPath-Example WatchKit Extension */,
				7E955BA11B95367D0050527E /* Products */,
			);
			sourceTree = "<group>";
		};
		7E955BA11B95367D0050527E /* Products */ = {
			isa = PBXGroup;
			children = (
				7E955BA01B95367D0050527E /* WatchOS2-NewAPI-UIBezierPath-Example.app */,
				7E955BB21B95367D0050527E /* WatchOS2-NewAPI-UIBezierPath-Example WatchKit App.app */,
				7E955BC11B95367D0050527E /* WatchOS2-NewAPI-UIBezierPath-Example WatchKit Extension.appex */,
			);
			name = Products;
			sourceTree = "<group>";
		};
		7E955BA21B95367D0050527E /* WatchOS2-NewAPI-UIBezierPath-Example */ = {
			isa = PBXGroup;
			children = (
				7E955BA31B95367D0050527E /* AppDelegate.swift */,
				7E955BA51B95367D0050527E /* ViewController.swift */,
				7E955BA71B95367D0050527E /* Main.storyboard */,
				7E955BAA1B95367D0050527E /* Assets.xcassets */,
				7E955BAC1B95367D0050527E /* LaunchScreen.storyboard */,
				7E955BAF1B95367D0050527E /* Info.plist */,
			);
			path = "WatchOS2-NewAPI-UIBezierPath-Example";
			sourceTree = "<group>";
		};
		7E955BB61B95367D0050527E /* WatchOS2-NewAPI-UIBezierPath-Example WatchKit App */ = {
			isa = PBXGroup;
			children = (
				7E955BB71B95367D0050527E /* Interface.storyboard */,
				7E955BBA1B95367D0050527E /* Assets.xcassets */,
				7E955BBC1B95367D0050527E /* Info.plist */,
			);
			path = "WatchOS2-NewAPI-UIBezierPath-Example WatchKit App";
			sourceTree = "<group>";
		};
		7E955BC51B95367D0050527E /* WatchOS2-NewAPI-UIBezierPath-Example WatchKit Extension */ = {
			isa = PBXGroup;
			children = (
				7E955BC61B95367D0050527E /* InterfaceController.swift */,
				7E955BC81B95367D0050527E /* ExtensionDelegate.swift */,
				7E955BCA1B95367D0050527E /* Assets.xcassets */,
				7E955BCC1B95367D0050527E /* Info.plist */,
			);
			path = "WatchOS2-NewAPI-UIBezierPath-Example WatchKit Extension";
			sourceTree = "<group>";
		};
/* End PBXGroup section */

/* Begin PBXNativeTarget section */
		7E955B9F1B95367D0050527E /* WatchOS2-NewAPI-UIBezierPath-Example */ = {
			isa = PBXNativeTarget;
			buildConfigurationList = 7E955BD71B95367D0050527E /* Build configuration list for PBXNativeTarget "WatchOS2-NewAPI-UIBezierPath-Example" */;
			buildPhases = (
				7E955B9C1B95367D0050527E /* Sources */,
				7E955B9D1B95367D0050527E /* Frameworks */,
				7E955B9E1B95367D0050527E /* Resources */,
				7E955BD61B95367D0050527E /* Embed Watch Content */,
			);
			buildRules = (
			);
			dependencies = (
				7E955BB51B95367D0050527E /* PBXTargetDependency */,
			);
			name = "WatchOS2-NewAPI-UIBezierPath-Example";
			productName = "WatchOS2-NewAPI-UIBezierPath-Example";
			productReference = 7E955BA01B95367D0050527E /* WatchOS2-NewAPI-UIBezierPath-Example.app */;
			productType = "com.apple.product-type.application";
		};
		7E955BB11B95367D0050527E /* WatchOS2-NewAPI-UIBezierPath-Example WatchKit App */ = {
			isa = PBXNativeTarget;
			buildConfigurationList = 7E955BD31B95367D0050527E /* Build configuration list for PBXNativeTarget "WatchOS2-NewAPI-UIBezierPath-Example WatchKit App" */;
			buildPhases = (
				7E955BB01B95367D0050527E /* Resources */,
				7E955BD21B95367D0050527E /* Embed App Extensions */,
			);
			buildRules = (
			);
			dependencies = (
				7E955BC41B95367D0050527E /* PBXTargetDependency */,
			);
			name = "WatchOS2-NewAPI-UIBezierPath-Example WatchKit App";
			productName = "WatchOS2-NewAPI-UIBezierPath-Example WatchKit App";
			productReference = 7E955BB21B95367D0050527E /* WatchOS2-NewAPI-UIBezierPath-Example WatchKit App.app */;
			productType = "com.apple.product-type.application.watchapp2";
		};
		7E955BC01B95367D0050527E /* WatchOS2-NewAPI-UIBezierPath-Example WatchKit Extension */ = {
			isa = PBXNativeTarget;
			buildConfigurationList = 7E955BCF1B95367D0050527E /* Build configuration list for PBXNativeTarget "WatchOS2-NewAPI-UIBezierPath-Example WatchKit Extension" */;
			buildPhases = (
				7E955BBD1B95367D0050527E /* Sources */,
				7E955BBE1B95367D0050527E /* Frameworks */,
				7E955BBF1B95367D0050527E /* Resources */,
			);
			buildRules = (
			);
			dependencies = (
			);
			name = "WatchOS2-NewAPI-UIBezierPath-Example WatchKit Extension";
			productName = "WatchOS2-NewAPI-UIBezierPath-Example WatchKit Extension";
			productReference = 7E955BC11B95367D0050527E /* WatchOS2-NewAPI-UIBezierPath-Example WatchKit Extension.appex */;
			productType = "com.apple.product-type.watchkit2-extension";
		};
/* End PBXNativeTarget section */

/* Begin PBXProject section */
		7E955B981B95367D0050527E /* Project object */ = {
			isa = PBXProject;
			attributes = {
				LastUpgradeCheck = 0700;
				ORGANIZATIONNAME = Sweefties;
				TargetAttributes = {
					7E955B9F1B95367D0050527E = {
						CreatedOnToolsVersion = 7.0;
					};
					7E955BB11B95367D0050527E = {
						CreatedOnToolsVersion = 7.0;
					};
					7E955BC01B95367D0050527E = {
						CreatedOnToolsVersion = 7.0;
					};
				};
			};
			buildConfigurationList = 7E955B9B1B95367D0050527E /* Build configuration list for PBXProject "WatchOS2-NewAPI-UIBezierPath-Example" */;
			compatibilityVersion = "Xcode 3.2";
			developmentRegion = English;
			hasScannedForEncodings = 0;
			knownRegions = (
				en,
				Base,
			);
			mainGroup = 7E955B971B95367D0050527E;
			productRefGroup = 7E955BA11B95367D0050527E /* Products */;
			projectDirPath = "";
			projectRoot = "";
			targets = (
				7E955B9F1B95367D0050527E /* WatchOS2-NewAPI-UIBezierPath-Example */,
				7E955BB11B95367D0050527E /* WatchOS2-NewAPI-UIBezierPath-Example WatchKit App */,
				7E955BC01B95367D0050527E /* WatchOS2-NewAPI-UIBezierPath-Example WatchKit Extension */,
			);
		};
/* End PBXProject section */

/* Begin PBXResourcesBuildPhase section */
		7E955B9E1B95367D0050527E /* Resources */ = {
			isa = PBXResourcesBuildPhase;
			buildActionMask = 2147483647;
			files = (
				7E955BAE1B95367D0050527E /* LaunchScreen.storyboard in Resources */,
				7E955BAB1B95367D0050527E /* Assets.xcassets in Resources */,
				7E955BA91B95367D0050527E /* Main.storyboard in Resources */,
			);
			runOnlyForDeploymentPostprocessing = 0;
		};
		7E955BB01B95367D0050527E /* Resources */ = {
			isa = PBXResourcesBuildPhase;
			buildActionMask = 2147483647;
			files = (
				7E955BBB1B95367D0050527E /* Assets.xcassets in Resources */,
				7E955BB91B95367D0050527E /* Interface.storyboard in Resources */,
			);
			runOnlyForDeploymentPostprocessing = 0;
		};
		7E955BBF1B95367D0050527E /* Resources */ = {
			isa = PBXResourcesBuildPhase;
			buildActionMask = 2147483647;
			files = (
				7E955BCB1B95367D0050527E /* Assets.xcassets in Resources */,
			);
			runOnlyForDeploymentPostprocessing = 0;
		};
/* End PBXResourcesBuildPhase section */

/* Begin PBXSourcesBuildPhase section */
		7E955B9C1B95367D0050527E /* Sources */ = {
			isa = PBXSourcesBuildPhase;
			buildActionMask = 2147483647;
			files = (
				7E955BA61B95367D0050527E /* ViewController.swift in Sources */,
				7E955BA41B95367D0050527E /* AppDelegate.swift in Sources */,
			);
			runOnlyForDeploymentPostprocessing = 0;
		};
		7E955BBD1B95367D0050527E /* Sources */ = {
			isa = PBXSourcesBuildPhase;
			buildActionMask = 2147483647;
			files = (
				7E955BC91B95367D0050527E /* ExtensionDelegate.swift in Sources */,
				7E955BC71B95367D0050527E /* InterfaceController.swift in Sources */,
			);
			runOnlyForDeploymentPostprocessing = 0;
		};
/* End PBXSourcesBuildPhase section */

/* Begin PBXTargetDependency section */
		7E955BB51B95367D0050527E /* PBXTargetDependency */ = {
			isa = PBXTargetDependency;
			target = 7E955BB11B95367D0050527E /* WatchOS2-NewAPI-UIBezierPath-Example WatchKit App */;
			targetProxy = 7E955BB41B95367D0050527E /* PBXContainerItemProxy */;
		};
		7E955BC41B95367D0050527E /* PBXTargetDependency */ = {
			isa = PBXTargetDependency;
			target = 7E955BC01B95367D0050527E /* WatchOS2-NewAPI-UIBezierPath-Example WatchKit Extension */;
			targetProxy = 7E955BC31B95367D0050527E /* PBXContainerItemProxy */;
		};
/* End PBXTargetDependency section */

/* Begin PBXVariantGroup section */
		7E955BA71B95367D0050527E /* Main.storyboard */ = {
			isa = PBXVariantGroup;
			children = (
				7E955BA81B95367D0050527E /* Base */,
			);
			name = Main.storyboard;
			sourceTree = "<group>";
		};
		7E955BAC1B95367D0050527E /* LaunchScreen.storyboard */ = {
			isa = PBXVariantGroup;
			children = (
				7E955BAD1B95367D0050527E /* Base */,
			);
			name = LaunchScreen.storyboard;
			sourceTree = "<group>";
		};
		7E955BB71B95367D0050527E /* Interface.storyboard */ = {
			isa = PBXVariantGroup;
			children = (
				7E955BB81B95367D0050527E /* Base */,
			);
			name = Interface.storyboard;
			sourceTree = "<group>";
		};
/* End PBXVariantGroup section */

/* Begin XCBuildConfiguration section */
		7E955BCD1B95367D0050527E /* Debug */ = {
			isa = XCBuildConfiguration;
			buildSettings = {
				ALWAYS_SEARCH_USER_PATHS = NO;
				CLANG_CXX_LANGUAGE_STANDARD = "gnu++0x";
				CLANG_CXX_LIBRARY = "libc++";
				CLANG_ENABLE_MODULES = YES;
				CLANG_ENABLE_OBJC_ARC = YES;
				CLANG_WARN_BOOL_CONVERSION = YES;
				CLANG_WARN_CONSTANT_CONVERSION = YES;
				CLANG_WARN_DIRECT_OBJC_ISA_USAGE = YES_ERROR;
				CLANG_WARN_EMPTY_BODY = YES;
				CLANG_WARN_ENUM_CONVERSION = YES;
				CLANG_WARN_INT_CONVERSION = YES;
				CLANG_WARN_OBJC_ROOT_CLASS = YES_ERROR;
				CLANG_WARN_UNREACHABLE_CODE = YES;
				CLANG_WARN__DUPLICATE_METHOD_MATCH = YES;
				"CODE_SIGN_IDENTITY[sdk=iphoneos*]" = "iPhone Developer";
				COPY_PHASE_STRIP = NO;
				DEBUG_INFORMATION_FORMAT = dwarf;
				ENABLE_STRICT_OBJC_MSGSEND = YES;
				ENABLE_TESTABILITY = YES;
				GCC_C_LANGUAGE_STANDARD = gnu99;
				GCC_DYNAMIC_NO_PIC = NO;
				GCC_NO_COMMON_BLOCKS = YES;
				GCC_OPTIMIZATION_LEVEL = 0;
				GCC_PREPROCESSOR_DEFINITIONS = (
					"DEBUG=1",
					"$(inherited)",
				);
				GCC_WARN_64_TO_32_BIT_CONVERSION = YES;
				GCC_WARN_ABOUT_RETURN_TYPE = YES_ERROR;
				GCC_WARN_UNDECLARED_SELECTOR = YES;
				GCC_WARN_UNINITIALIZED_AUTOS = YES_AGGRESSIVE;
				GCC_WARN_UNUSED_FUNCTION = YES;
				GCC_WARN_UNUSED_VARIABLE = YES;
				IPHONEOS_DEPLOYMENT_TARGET = 9.0;
				MTL_ENABLE_DEBUG_INFO = YES;
				ONLY_ACTIVE_ARCH = YES;
				SDKROOT = iphoneos;
				SWIFT_OPTIMIZATION_LEVEL = "-Onone";
				TARGETED_DEVICE_FAMILY = "1,2";
			};
			name = Debug;
		};
		7E955BCE1B95367D0050527E /* Release */ = {
			isa = XCBuildConfiguration;
			buildSettings = {
				ALWAYS_SEARCH_USER_PATHS = NO;
				CLANG_CXX_LANGUAGE_STANDARD = "gnu++0x";
				CLANG_CXX_LIBRARY = "libc++";
				CLANG_ENABLE_MODULES = YES;
				CLANG_ENABLE_OBJC_ARC = YES;
				CLANG_WARN_BOOL_CONVERSION = YES;
				CLANG_WARN_CONSTANT_CONVERSION = YES;
				CLANG_WARN_DIRECT_OBJC_ISA_USAGE = YES_ERROR;
				CLANG_WARN_EMPTY_BODY = YES;
				CLANG_WARN_ENUM_CONVERSION = YES;
				CLANG_WARN_INT_CONVERSION = YES;
				CLANG_WARN_OBJC_ROOT_CLASS = YES_ERROR;
				CLANG_WARN_UNREACHABLE_CODE = YES;
				CLANG_WARN__DUPLICATE_METHOD_MATCH = YES;
				"CODE_SIGN_IDENTITY[sdk=iphoneos*]" = "iPhone Developer";
				COPY_PHASE_STRIP = NO;
				DEBUG_INFORMATION_FORMAT = "dwarf-with-dsym";
				ENABLE_NS_ASSERTIONS = NO;
				ENABLE_STRICT_OBJC_MSGSEND = YES;
				GCC_C_LANGUAGE_STANDARD = gnu99;
				GCC_NO_COMMON_BLOCKS = YES;
				GCC_WARN_64_TO_32_BIT_CONVERSION = YES;
				GCC_WARN_ABOUT_RETURN_TYPE = YES_ERROR;
				GCC_WARN_UNDECLARED_SELECTOR = YES;
				GCC_WARN_UNINITIALIZED_AUTOS = YES_AGGRESSIVE;
				GCC_WARN_UNUSED_FUNCTION = YES;
				GCC_WARN_UNUSED_VARIABLE = YES;
				IPHONEOS_DEPLOYMENT_TARGET = 9.0;
				MTL_ENABLE_DEBUG_INFO = NO;
				SDKROOT = iphoneos;
				TARGETED_DEVICE_FAMILY = "1,2";
				VALIDATE_PRODUCT = YES;
			};
			name = Release;
		};
		7E955BD01B95367D0050527E /* Debug */ = {
			isa = XCBuildConfiguration;
			buildSettings = {
				INFOPLIST_FILE = "WatchOS2-NewAPI-UIBezierPath-Example WatchKit Extension/Info.plist";
				LD_RUNPATH_SEARCH_PATHS = "$(inherited) @executable_path/Frameworks @executable_path/../../Frameworks";
				PRODUCT_BUNDLE_IDENTIFIER = "com.sweefties.WatchOS2-NewAPI-UIBezierPath-Example.watchkitapp.watchkitextension";
				PRODUCT_NAME = "${TARGET_NAME}";
				SDKROOT = watchos;
				SKIP_INSTALL = YES;
				TARGETED_DEVICE_FAMILY = 4;
				WATCHOS_DEPLOYMENT_TARGET = 2.0;
			};
			name = Debug;
		};
		7E955BD11B95367D0050527E /* Release */ = {
			isa = XCBuildConfiguration;
			buildSettings = {
				INFOPLIST_FILE = "WatchOS2-NewAPI-UIBezierPath-Example WatchKit Extension/Info.plist";
				LD_RUNPATH_SEARCH_PATHS = "$(inherited) @executable_path/Frameworks @executable_path/../../Frameworks";
				PRODUCT_BUNDLE_IDENTIFIER = "com.sweefties.WatchOS2-NewAPI-UIBezierPath-Example.watchkitapp.watchkitextension";
				PRODUCT_NAME = "${TARGET_NAME}";
				SDKROOT = watchos;
				SKIP_INSTALL = YES;
				TARGETED_DEVICE_FAMILY = 4;
				WATCHOS_DEPLOYMENT_TARGET = 2.0;
			};
			name = Release;
		};
		7E955BD41B95367D0050527E /* Debug */ = {
			isa = XCBuildConfiguration;
			buildSettings = {
				ASSETCATALOG_COMPILER_APPICON_NAME = AppIcon;
				EMBEDDED_CONTENT_CONTAINS_SWIFT = YES;
				IBSC_MODULE = WatchOS2_NewAPI_UIBezierPath_Example_WatchKit_Extension;
				INFOPLIST_FILE = "WatchOS2-NewAPI-UIBezierPath-Example WatchKit App/Info.plist";
				PRODUCT_BUNDLE_IDENTIFIER = "com.sweefties.WatchOS2-NewAPI-UIBezierPath-Example.watchkitapp";
				PRODUCT_NAME = "$(TARGET_NAME)";
				SDKROOT = watchos;
				SKIP_INSTALL = YES;
				TARGETED_DEVICE_FAMILY = 4;
				WATCHOS_DEPLOYMENT_TARGET = 2.0;
			};
			name = Debug;
		};
		7E955BD51B95367D0050527E /* Release */ = {
			isa = XCBuildConfiguration;
			buildSettings = {
				ASSETCATALOG_COMPILER_APPICON_NAME = AppIcon;
				EMBEDDED_CONTENT_CONTAINS_SWIFT = YES;
				IBSC_MODULE = WatchOS2_NewAPI_UIBezierPath_Example_WatchKit_Extension;
				INFOPLIST_FILE = "WatchOS2-NewAPI-UIBezierPath-Example WatchKit App/Info.plist";
				PRODUCT_BUNDLE_IDENTIFIER = "com.sweefties.WatchOS2-NewAPI-UIBezierPath-Example.watchkitapp";
				PRODUCT_NAME = "$(TARGET_NAME)";
				SDKROOT = watchos;
				SKIP_INSTALL = YES;
				TARGETED_DEVICE_FAMILY = 4;
				WATCHOS_DEPLOYMENT_TARGET = 2.0;
			};
			name = Release;
		};
		7E955BD81B95367D0050527E /* Debug */ = {
			isa = XCBuildConfiguration;
			buildSettings = {
				ASSETCATALOG_COMPILER_APPICON_NAME = AppIcon;
				INFOPLIST_FILE = "WatchOS2-NewAPI-UIBezierPath-Example/Info.plist";
				LD_RUNPATH_SEARCH_PATHS = "$(inherited) @executable_path/Frameworks";
				PRODUCT_BUNDLE_IDENTIFIER = "com.sweefties.WatchOS2-NewAPI-UIBezierPath-Example";
				PRODUCT_NAME = "$(TARGET_NAME)";
			};
			name = Debug;
		};
		7E955BD91B95367D0050527E /* Release */ = {
			isa = XCBuildConfiguration;
			buildSettings = {
				ASSETCATALOG_COMPILER_APPICON_NAME = AppIcon;
				INFOPLIST_FILE = "WatchOS2-NewAPI-UIBezierPath-Example/Info.plist";
				LD_RUNPATH_SEARCH_PATHS = "$(inherited) @executable_path/Frameworks";
				PRODUCT_BUNDLE_IDENTIFIER = "com.sweefties.WatchOS2-NewAPI-UIBezierPath-Example";
				PRODUCT_NAME = "$(TARGET_NAME)";
			};
			name = Release;
		};
/* End XCBuildConfiguration section */

/* Begin XCConfigurationList section */
		7E955B9B1B95367D0050527E /* Build configuration list for PBXProject "WatchOS2-NewAPI-UIBezierPath-Example" */ = {
			isa = XCConfigurationList;
			buildConfigurations = (
				7E955BCD1B95367D0050527E /* Debug */,
				7E955BCE1B95367D0050527E /* Release */,
			);
			defaultConfigurationIsVisible = 0;
			defaultConfigurationName = Release;
		};
		7E955BCF1B95367D0050527E /* Build configuration list for PBXNativeTarget "WatchOS2-NewAPI-UIBezierPath-Example WatchKit Extension" */ = {
			isa = XCConfigurationList;
			buildConfigurations = (
				7E955BD01B95367D0050527E /* Debug */,
				7E955BD11B95367D0050527E /* Release */,
			);
			defaultConfigurationIsVisible = 0;
		};
		7E955BD31B95367D0050527E /* Build configuration list for PBXNativeTarget "WatchOS2-NewAPI-UIBezierPath-Example WatchKit App" */ = {
			isa = XCConfigurationList;
			buildConfigurations = (
				7E955BD41B95367D0050527E /* Debug */,
				7E955BD51B95367D0050527E /* Release */,
			);
			defaultConfigurationIsVisible = 0;
		};
		7E955BD71B95367D0050527E /* Build configuration list for PBXNativeTarget "WatchOS2-NewAPI-UIBezierPath-Example" */ = {
			isa = XCConfigurationList;
			buildConfigurations = (
				7E955BD81B95367D0050527E /* Debug */,
				7E955BD91B95367D0050527E /* Release */,
			);
			defaultConfigurationIsVisible = 0;
		};
/* End XCConfigurationList section */
	};
	rootObject = 7E955B981B95367D0050527E /* Project object */;
}
